{
  "version": 4,
  "terraform_version": "1.15.0",
  "serial": 60,
  "lineage": "f3b6f904-e95d-d9db-2e39-a22cbed878a9",
  "outputs": {},
  "resources": [
    {
      "mode": "managed",
      "type": "aws_ecr_repository",
      "name": "nodejs-web-app",
      "provider": "provider[\"registry.terraform.io/hashicorp/aws\"]",
      "instances": [
        {
          "schema_version": 0,
          "attributes": {
            "arn": "arn:aws:ecr:us-east-1:544775090288:repository/nodejs-web-app-2026",
            "encryption_configuration": [
              {
                "encryption_type": "AES256",
                "kms_key": ""
              }
            ],
            "force_delete": null,
            "id": "nodejs-web-app-2026",
            "image_scanning_configuration": [
              {
                "scan_on_push": true
              }
            ],
            "image_tag_mutability": "MUTABLE",
            "image_tag_mutability_exclusion_filter": [],
            "name": "nodejs-web-app-2026",
            "region": "us-east-1",
            "registry_id": "544775090288",
            "repository_url": "544775090288.dkr.ecr.us-east-1.amazonaws.com/nodejs-web-app-2026",
            "tags": {
              "Name": "Elastic Container Registry to store Docker Artifacts"
            },
            "tags_all": {
              "Name": "Elastic Container Registry to store Docker Artifacts"
            },
            "timeouts": null
          },
          "sensitive_attributes": [],
          "identity_schema_version": 0,
          "identity": {
            "account_id": "544775090288",
            "name": "nodejs-web-app-2026",
            "region": "us-east-1"
          },
          "private": "eyJlMmJmYjczMC1lY2FhLTExZTYtOGY4OC0zNDM2M2JjN2M0YzAiOnsiZGVsZXRlIjoxMjAwMDAwMDAwMDAwfX0="
        }
      ]
    },
    {
      "mode": "managed",
      "type": "aws_ecr_repository",
      "name": "nodejs-web-app-staging",
      "provider": "provider[\"registry.terraform.io/hashicorp/aws\"]",
      "instances": [
        {
          "schema_version": 0,
          "attributes": {
            "arn": "arn:aws:ecr:us-east-1:544775090288:repository/nodejs-web-app-staging-2026",
            "encryption_configuration": [
              {
                "encryption_type": "AES256",
                "kms_key": ""
              }
            ],
            "force_delete": null,
            "id": "nodejs-web-app-staging-2026",
            "image_scanning_configuration": [
              {
                "scan_on_push": true
              }
            ],
            "image_tag_mutability": "MUTABLE",
            "image_tag_mutability_exclusion_filter": [],
            "name": "nodejs-web-app-staging-2026",
            "region": "us-east-1",
            "registry_id": "544775090288",
            "repository_url": "544775090288.dkr.ecr.us-east-1.amazonaws.com/nodejs-web-app-staging-2026",
            "tags": {
              "Name": "Elastic Container Registry to store Docker Artifacts"
            },
            "tags_all": {
              "Name": "Elastic Container Registry to store Docker Artifacts"
            },
            "timeouts": null
          },
          "sensitive_attributes": [],
          "identity_schema_version": 0,
          "identity": {
            "account_id": "544775090288",
            "name": "nodejs-web-app-staging-2026",
            "region": "us-east-1"
          },
          "private": "eyJlMmJmYjczMC1lY2FhLTExZTYtOGY4OC0zNDM2M2JjN2M0YzAiOnsiZGVsZXRlIjoxMjAwMDAwMDAwMDAwfX0="
        }
      ]
    },
    {
      "mode": "managed",
      "type": "aws_ecr_repository",
      "name": "nodejs-web-app-test",
      "provider": "provider[\"registry.terraform.io/hashicorp/aws\"]",
      "instances": [
        {
          "schema_version": 0,
          "attributes": {
            "arn": "arn:aws:ecr:us-east-1:544775090288:repository/nodejs-web-app-test-2026",
            "encryption_configuration": [
              {
                "encryption_type": "AES256",
                "kms_key": ""
              }
            ],
            "force_delete": null,
            "id": "nodejs-web-app-test-2026",
            "image_scanning_configuration": [
              {
                "scan_on_push": true
              }
            ],
            "image_tag_mutability": "MUTABLE",
            "image_tag_mutability_exclusion_filter": [],
            "name": "nodejs-web-app-test-2026",
            "region": "us-east-1",
            "registry_id": "544775090288",
            "repository_url": "544775090288.dkr.ecr.us-east-1.amazonaws.com/nodejs-web-app-test-2026",
            "tags": {
              "Name": "Elastic Container Registry to store Docker Artifacts"
            },
            "tags_all": {
              "Name": "Elastic Container Registry to store Docker Artifacts"
            },
            "timeouts": null
          },
          "sensitive_attributes": [],
          "identity_schema_version": 0,
          "identity": {
            "account_id": "544775090288",
            "name": "nodejs-web-app-test-2026",
            "region": "us-east-1"
          },
          "private": "eyJlMmJmYjczMC1lY2FhLTExZTYtOGY4OC0zNDM2M2JjN2M0YzAiOnsiZGVsZXRlIjoxMjAwMDAwMDAwMDAwfX0="
        }
      ]
    },
    {
      "mode": "managed",
      "type": "aws_eip",
      "name": "jenkins",
      "provider": "provider[\"registry.terraform.io/hashicorp/aws\"]",
      "instances": [
        {
          "schema_version": 0,
          "attributes": {
            "address": null,
            "allocation_id": "eipalloc-06b110b92d2cffc26",
            "arn": "arn:aws:ec2:us-east-1:544775090288:elastic-ip/eipalloc-06b110b92d2cffc26",
            "associate_with_private_ip": "10.0.1.50",
            "association_id": "eipassoc-0ba3be46bffade459",
            "carrier_ip": "",
            "customer_owned_ip": "",
            "customer_owned_ipv4_pool": "",
            "domain": "vpc",
            "id": "eipalloc-06b110b92d2cffc26",
            "instance": "i-0b58d2a0f9d67bbe4",
            "ipam_pool_id": "",
            "network_border_group": "us-east-1",
            "network_interface": "eni-0151772d7fecca533",
            "private_dns": "ip-10-0-1-50.ec2.internal",
            "private_ip": "10.0.1.50",
            "ptr_record": "",
            "public_dns": "ec2-100-30-83-17.compute-1.amazonaws.com",
            "public_ip": "100.30.83.17",
            "public_ipv4_pool": "amazon",
            "region": "us-east-1",
            "tags": {},
            "tags_all": {},
            "timeouts": null
          },
          "sensitive_attributes": [],
          "identity_schema_version": 0,
          "identity": {
            "account_id": "544775090288",
            "id": "eipalloc-06b110b92d2cffc26",
            "region": "us-east-1"
          },
          "private": "eyJlMmJmYjczMC1lY2FhLTExZTYtOGY4OC0zNDM2M2JjN2M0YzAiOnsiZGVsZXRlIjoxODAwMDAwMDAwMDAsInJlYWQiOjkwMDAwMDAwMDAwMCwidXBkYXRlIjozMDAwMDAwMDAwMDB9fQ==",
          "dependencies": [
            "aws_internet_gateway.nodejs-web-app",
            "aws_network_interface.jenkins",
            "aws_security_group.allow-all-outbound",
            "aws_security_group.allow-jenkins-traffic",
            "aws_security_group.allow-ssh-traffic",
            "aws_security_group.allow-staging-traffic",
            "aws_subnet.subnet-public-jenkins",
            "aws_vpc.nodejs-web-app"
          ]
        }
      ]
    },
    {
      "mode": "managed",
      "type": "aws_eip",
      "name": "nodejs-web-app",
      "provider": "provider[\"registry.terraform.io/hashicorp/aws\"]",
      "instances": [
        {
          "schema_version": 0,
          "attributes": {
            "address": null,
            "allocation_id": "eipalloc-0e3c2399df0197038",
            "arn": "arn:aws:ec2:us-east-1:544775090288:elastic-ip/eipalloc-0e3c2399df0197038",
            "associate_with_private_ip": "10.0.3.50",
            "association_id": "eipassoc-0ba955ddf8b39723d",
            "carrier_ip": "",
            "customer_owned_ip": "",
            "customer_owned_ipv4_pool": "",
            "domain": "vpc",
            "id": "eipalloc-0e3c2399df0197038",
            "instance": "i-067a79f6027ba5f5b",
            "ipam_pool_id": "",
            "network_border_group": "us-east-1",
            "network_interface": "eni-07bb63cfcafb5b976",
            "private_dns": "ip-10-0-3-50.ec2.internal",
            "private_ip": "10.0.3.50",
            "ptr_record": "",
            "public_dns": "ec2-100-48-136-235.compute-1.amazonaws.com",
            "public_ip": "100.48.136.235",
            "public_ipv4_pool": "amazon",
            "region": "us-east-1",
            "tags": {},
            "tags_all": {},
            "timeouts": null
          },
          "sensitive_attributes": [],
          "identity_schema_version": 0,
          "identity": {
            "account_id": "544775090288",
            "id": "eipalloc-0e3c2399df0197038",
            "region": "us-east-1"
          },
          "private": "eyJlMmJmYjczMC1lY2FhLTExZTYtOGY4OC0zNDM2M2JjN2M0YzAiOnsiZGVsZXRlIjoxODAwMDAwMDAwMDAsInJlYWQiOjkwMDAwMDAwMDAwMCwidXBkYXRlIjozMDAwMDAwMDAwMDB9fQ==",
          "dependencies": [
            "aws_internet_gateway.nodejs-web-app",
            "aws_network_interface.nodejs-web-app",
            "aws_security_group.allow-all-outbound",
            "aws_security_group.allow-ssh-traffic",
            "aws_security_group.allow-web-traffic",
            "aws_subnet.subnet-public-web-app",
            "aws_vpc.nodejs-web-app"
          ]
        }
      ]
    },
    {
      "mode": "managed",
      "type": "aws_iam_instance_profile",
      "name": "jenkins",
      "provider": "provider[\"registry.terraform.io/hashicorp/aws\"]",
      "instances": [
        {
          "schema_version": 0,
          "attributes": {
            "arn": "arn:aws:iam::544775090288:instance-profile/jenkins",
            "create_date": "2026-05-07T20:22:46Z",
            "id": "jenkins",
            "name": "jenkins",
            "name_prefix": "",
            "path": "/",
            "role": "jenkins",
            "tags": {},
            "tags_all": {},
            "unique_id": "AIPAX5VZAGBYG3JVEA3DU"
          },
          "sensitive_attributes": [],
          "identity_schema_version": 0,
          "identity": {
            "account_id": "544775090288",
            "name": "jenkins"
          },
          "private": "bnVsbA==",
          "dependencies": [
            "aws_iam_policy.ec2-access",
            "aws_iam_policy.ecr-access",
            "aws_iam_policy.s3-access",
            "aws_iam_policy.secrets-access",
            "aws_iam_role.jenkins"
          ]
        }
      ]
    },
    {
      "mode": "managed",
      "type": "aws_iam_instance_profile",
      "name": "nodejs-web-app",
      "provider": "provider[\"registry.terraform.io/hashicorp/aws\"]",
      "instances": [
        {
          "schema_version": 0,
          "attributes": {
            "arn": "arn:aws:iam::544775090288:instance-profile/nodejs-web-app",
            "create_date": "2026-05-07T20:22:46Z",
            "id": "nodejs-web-app",
            "name": "nodejs-web-app",
            "name_prefix": "",
            "path": "/",
            "role": "nodejs-web-app",
            "tags": {},
            "tags_all": {},
            "unique_id": "AIPAX5VZAGBYE4RVZQCHL"
          },
          "sensitive_attributes": [],
          "identity_schema_version": 0,
          "identity": {
            "account_id": "544775090288",
            "name": "nodejs-web-app"
          },
          "private": "bnVsbA==",
          "dependencies": [
            "aws_iam_policy.ecr-access",
            "aws_iam_role.nodejs-web-app"
          ]
        }
      ]
    },
    {
      "mode": "managed",
      "type": "aws_iam_policy",
      "name": "ec2-access",
      "provider": "provider[\"registry.terraform.io/hashicorp/aws\"]",
      "instances": [
        {
          "schema_version": 0,
          "attributes": {
            "arn": "arn:aws:iam::544775090288:policy/ec2-reboot-access",
            "attachment_count": 1,
            "delay_after_policy_creation_in_ms": null,
            "description": "",
            "id": "arn:aws:iam::544775090288:policy/ec2-reboot-access",
            "name": "ec2-reboot-access",
            "name_prefix": "",
            "path": "/",
            "policy": "{\"Statement\":[{\"Action\":[\"ec2:RebootInstances\",\"ec2:StartInstances\",\"ec2:StopInstances\"],\"Effect\":\"Allow\",\"Resource\":\"*\"}],\"Version\":\"2012-10-17\"}",
            "policy_id": "ANPAX5VZAGBYELWJST3JC",
            "tags": {},
            "tags_all": {}
          },
          "sensitive_attributes": [],
          "identity_schema_version": 0,
          "identity": {
            "arn": "arn:aws:iam::544775090288:policy/ec2-reboot-access"
          },
          "private": "bnVsbA=="
        }
      ]
    },
    {
      "mode": "managed",
      "type": "aws_iam_policy",
      "name": "ecr-access",
      "provider": "provider[\"registry.terraform.io/hashicorp/aws\"]",
      "instances": [
        {
          "schema_version": 0,
          "attributes": {
            "arn": "arn:aws:iam::544775090288:policy/ecr-access",
            "attachment_count": 2,
            "delay_after_policy_creation_in_ms": null,
            "description": "",
            "id": "arn:aws:iam::544775090288:policy/ecr-access",
            "name": "ecr-access",
            "name_prefix": "",
            "path": "/",
            "policy": "{\"Statement\":[{\"Action\":[\"ecr:GetAuthorizationToken\",\"ecr:BatchCheckLayerAvailability\",\"ecr:GetDownloadUrlForLayer\",\"ecr:GetRepositoryPolicy\",\"ecr:DescribeRepositories\",\"ecr:ListImages\",\"ecr:DescribeImages\",\"ecr:BatchGetImage\",\"ecr:GetLifecyclePolicy\",\"ecr:GetLifecyclePolicyPreview\",\"ecr:ListTagsForResource\",\"ecr:DescribeImageScanFindings\",\"ecr:InitiateLayerUpload\",\"ecr:UploadLayerPart\",\"ecr:CompleteLayerUpload\",\"ecr:PutImage\"],\"Effect\":\"Allow\",\"Resource\":\"*\"}],\"Version\":\"2012-10-17\"}",
            "policy_id": "ANPAX5VZAGBYPH4J446IF",
            "tags": {},
            "tags_all": {}
          },
          "sensitive_attributes": [],
          "identity_schema_version": 0,
          "identity": {
            "arn": "arn:aws:iam::544775090288:policy/ecr-access"
          },
          "private": "bnVsbA=="
        }
      ]
    },
    {
      "mode": "managed",
      "type": "aws_iam_policy",
      "name": "s3-access",
      "provider": "provider[\"registry.terraform.io/hashicorp/aws\"]",
      "instances": [
        {
          "schema_version": 0,
          "attributes": {
            "arn": "arn:aws:iam::544775090288:policy/s3-access",
            "attachment_count": 1,
            "delay_after_policy_creation_in_ms": null,
            "description": "",
            "id": "arn:aws:iam::544775090288:policy/s3-access",
            "name": "s3-access",
            "name_prefix": "",
            "path": "/",
            "policy": "{\"Statement\":[{\"Action\":\"s3:*\",\"Effect\":\"Allow\",\"Resource\":\"*\"}],\"Version\":\"2012-10-17\"}",
            "policy_id": "ANPAX5VZAGBYASQSQIIJM",
            "tags": {},
            "tags_all": {}
          },
          "sensitive_attributes": [],
          "identity_schema_version": 0,
          "identity": {
            "arn": "arn:aws:iam::544775090288:policy/s3-access"
          },
          "private": "bnVsbA=="
        }
      ]
    },
    {
      "mode": "managed",
      "type": "aws_iam_policy",
      "name": "secrets-access",
      "provider": "provider[\"registry.terraform.io/hashicorp/aws\"]",
      "instances": [
        {
          "schema_version": 0,
          "attributes": {
            "arn": "arn:aws:iam::544775090288:policy/secrets-access",
            "attachment_count": 1,
            "delay_after_policy_creation_in_ms": null,
            "description": "",
            "id": "arn:aws:iam::544775090288:policy/secrets-access",
            "name": "secrets-access",
            "name_prefix": "",
            "path": "/",
            "policy": "{\"Statement\":[{\"Action\":\"secretsmanager:GetSecretValue\",\"Effect\":\"Allow\",\"Resource\":\"*\"}],\"Version\":\"2012-10-17\"}",
            "policy_id": "ANPAX5VZAGBYP23PRTRYI",
            "tags": {},
            "tags_all": {}
          },
          "sensitive_attributes": [],
          "identity_schema_version": 0,
          "identity": {
            "arn": "arn:aws:iam::544775090288:policy/secrets-access"
          },
          "private": "bnVsbA=="
        }
      ]
    },
    {
      "mode": "managed",
      "type": "aws_iam_role",
      "name": "jenkins",
      "provider": "provider[\"registry.terraform.io/hashicorp/aws\"]",
      "instances": [
        {
          "schema_version": 0,
          "attributes": {
            "arn": "arn:aws:iam::544775090288:role/jenkins",
            "assume_role_policy": "{\"Statement\":[{\"Action\":\"sts:AssumeRole\",\"Effect\":\"Allow\",\"Principal\":{\"Service\":\"ec2.amazonaws.com\"},\"Sid\":\"\"}],\"Version\":\"2012-10-17\"}",
            "create_date": "2026-05-07T20:22:45Z",
            "description": "",
            "force_detach_policies": false,
            "id": "jenkins",
            "inline_policy": [],
            "managed_policy_arns": [
              "arn:aws:iam::544775090288:policy/ec2-reboot-access",
              "arn:aws:iam::544775090288:policy/ecr-access",
              "arn:aws:iam::544775090288:policy/s3-access",
              "arn:aws:iam::544775090288:policy/secrets-access"
            ],
            "max_session_duration": 3600,
            "name": "jenkins",
            "name_prefix": "",
            "path": "/",
            "permissions_boundary": "",
            "tags": {},
            "tags_all": {},
            "unique_id": "AROAX5VZAGBYHJXQBYFJF"
          },
          "sensitive_attributes": [],
          "identity_schema_version": 0,
          "identity": {
            "account_id": "544775090288",
            "name": "jenkins"
          },
          "private": "bnVsbA==",
          "dependencies": [
            "aws_iam_policy.ec2-access",
            "aws_iam_policy.ecr-access",
            "aws_iam_policy.s3-access",
            "aws_iam_policy.secrets-access"
          ]
        }
      ]
    },
    {
      "mode": "managed",
      "type": "aws_iam_role",
      "name": "nodejs-web-app",
      "provider": "provider[\"registry.terraform.io/hashicorp/aws\"]",
      "instances": [
        {
          "schema_version": 0,
          "attributes": {
            "arn": "arn:aws:iam::544775090288:role/nodejs-web-app",
            "assume_role_policy": "{\"Statement\":[{\"Action\":\"sts:AssumeRole\",\"Effect\":\"Allow\",\"Principal\":{\"Service\":\"ec2.amazonaws.com\"},\"Sid\":\"\"}],\"Version\":\"2012-10-17\"}",
            "create_date": "2026-05-07T20:22:45Z",
            "description": "",
            "force_detach_policies": false,
            "id": "nodejs-web-app",
            "inline_policy": [],
            "managed_policy_arns": [
              "arn:aws:iam::544775090288:policy/ecr-access"
            ],
            "max_session_duration": 3600,
            "name": "nodejs-web-app",
            "name_prefix": "",
            "path": "/",
            "permissions_boundary": "",
            "tags": {},
            "tags_all": {},
            "unique_id": "AROAX5VZAGBYG3KSQXLDV"
          },
          "sensitive_attributes": [],
          "identity_schema_version": 0,
          "identity": {
            "account_id": "544775090288",
            "name": "nodejs-web-app"
          },
          "private": "bnVsbA==",
          "dependencies": [
            "aws_iam_policy.ecr-access"
          ]
        }
      ]
    },
    {
      "mode": "managed",
      "type": "aws_internet_gateway",
      "name": "nodejs-web-app",
      "provider": "provider[\"registry.terraform.io/hashicorp/aws\"]",
      "instances": [
        {
          "schema_version": 0,
          "attributes": {
            "arn": "arn:aws:ec2:us-east-1:544775090288:internet-gateway/igw-03cbb9ed397718298",
            "id": "igw-03cbb9ed397718298",
            "owner_id": "544775090288",
            "region": "us-east-1",
            "tags": {},
            "tags_all": {},
            "timeouts": null,
            "vpc_id": "vpc-063b889ec3b4c78df"
          },
          "sensitive_attributes": [],
          "identity_schema_version": 0,
          "identity": {
            "account_id": "544775090288",
            "id": "igw-03cbb9ed397718298",
            "region": "us-east-1"
          },
          "private": "eyJlMmJmYjczMC1lY2FhLTExZTYtOGY4OC0zNDM2M2JjN2M0YzAiOnsiY3JlYXRlIjoxMjAwMDAwMDAwMDAwLCJkZWxldGUiOjEyMDAwMDAwMDAwMDAsInVwZGF0ZSI6MTIwMDAwMDAwMDAwMH19",
          "dependencies": [
            "aws_vpc.nodejs-web-app"
          ]
        }
      ]
    },
    {
      "mode": "managed",
      "type": "aws_key_pair",
      "name": "jenkins-key",
      "provider": "provider[\"registry.terraform.io/hashicorp/aws\"]",
      "instances": [
        {
          "schema_version": 1,
          "attributes": {
            "arn": "arn:aws:ec2:us-east-1:544775090288:key-pair/jenkins",
            "fingerprint": "87:3a:bf:f8:34:db:0e:28:67:5d:cb:c7:dc:66:f5:d8",
            "id": "jenkins",
            "key_name": "jenkins",
            "key_name_prefix": "",
            "key_pair_id": "key-0829a5df447f1462e",
            "key_type": "rsa",
            "public_key": "ssh-rsa AAAAB3NzaC1yc2EAAAADAQABAAACAQDd+SMKRH7g7mQl90a/AArvcSMQlCCw+lYKulMyLVmPT8i0N675T6X5NaOrOxoNwuTPe4FvSiOxFEKqjZpUiuQ7dFfslv4xSlQiekgo+v1UKDMOsOp9BD0NBK+7JyEKiyDSfx5M0ENvhKUq9mGD3eDdZgLGtqLtsVr78yLa3i2spglTI8vEuUDbK3ewU8VSv0ywSyG687BHaSnQZsYh+I76HnkXmdabls725Tw8muIoHRC5RoBMCAyvRw5vnn+leRZ3cr6uSOF+yBtPXP0oWnpv5PRwNGUI6coH/kk/8hXISAkBlsRUmSWKJpJgK+Jx9zUYVaB3+1U+WmcKckmMHHRZq0bvrbkRiJZ/aW/T5k8gdFnw7nuHz/7QlzXmoBtL8iYGG2KTXdvSSsT6S2PzbshwMPifPKXQvKK3rpEQO6YZRSPQzG6+rtp/xMDncrdKnQuH7Y45syxoAr07l6ucOZ+hdrQAA0/O0kgp21qj1qnJEGlXox+Flwb4+uCjrhY1ASmsrpaCkdbEUX+fJvIfK2jDdToTYFoEsnsT5rzVktA0AJkfXVR4i1aBrwsmQmfYsEX3nXLI7bBP4uTgvYOp/VUwolaGvHBJrwn5jYXwQu2A9CraxWApVC23np2KZmFPZe7a88YrTnqSat7rGeqi7NPpfQs8WkY2pZ0FP2Qf1lw0yw== server@ayam-kumar",
            "region": "us-east-1",
            "tags": {},
            "tags_all": {}
          },
          "sensitive_attributes": [],
          "identity_schema_version": 0,
          "private": "eyJzY2hlbWFfdmVyc2lvbiI6IjEifQ=="
        }
      ]
    },
    {
      "mode": "managed",
      "type": "aws_key_pair",
      "name": "nodejs-web-app-key",
      "provider": "provider[\"registry.terraform.io/hashicorp/aws\"]",
      "instances": [
        {
          "schema_version": 1,
          "attributes": {
            "arn": "arn:aws:ec2:us-east-1:544775090288:key-pair/nodejs-web-app",
            "fingerprint": "0a:fa:7f:4f:32:39:66:62:4d:80:df:07:77:56:8a:f6",
            "id": "nodejs-web-app",
            "key_name": "nodejs-web-app",
            "key_name_prefix": "",
            "key_pair_id": "key-02ae9ea7b63fc6b23",
            "key_type": "rsa",
            "public_key": "ssh-rsa AAAAB3NzaC1yc2EAAAADAQABAAACAQDDNgR1NvmFvPR5CRM14yUgWr9t2dMp/fTQxIXA2YwFDmHpjH3enR8W1c9XPYqv2M5MoFHgyf/2BDrzUDnCaS55c0EZsdQrXMISbP7LUhYdnd4gvfGygM07WceAXH0qiSsGdHdhclro2n0g2vI13hXlBExx77QhvvZ1olgHQk3GepA7ijSbKJy07+KSkk7zz/pvpADqMxKOViUu1QaYb2xUilPlShzBajqTsahDvjtY1/4khJVyyoLmuea0cyv1yOguH8OhYWqdioB8VGqQkHDEPbQ2cQRgAQX0tXNYIddkGI1Ve+dT+wwHrZpWADu4l4Bi5y9UWkJ0XmPe/NiuUz7liBbfiSf+m81WOR8CEde1vCeBQLsLtKZXxSwJ4h2DSPWWUFMl4XyYWlc7SeE7fXNC9VFyGyBnwWtUp1j8A4Ol6DqrXJYGWpPYDCGvV5nzKwtU0zfXsWS0fIQlOwp4F2IHl00wFsYd/BytgL3BVNThpNF8ve+FDgN2VUj8ILK17IOqmE/3gBqqfYhEyGlcNdJU/B4LzgrYhIFwbRXC1n8fcdi/YxuXlkhnVSv4+Iuf0FWdIhdB7COrjG5HkjzpL/EyEEcyBsgfGAUqQU9bNXMI5NW+TOZAYwCeyBMIJ/yxv3owsWNvYc6Ik4V3IVKC4rY4Qnczn2OTyTJy52afvTRIKw== server@ayam-kumar",
            "region": "us-east-1",
            "tags": {},
            "tags_all": {}
          },
          "sensitive_attributes": [],
          "identity_schema_version": 0,
          "private": "eyJzY2hlbWFfdmVyc2lvbiI6IjEifQ=="
        }
      ]
    },
    {
      "mode": "managed",
      "type": "aws_network_interface",
      "name": "jenkins",
      "provider": "provider[\"registry.terraform.io/hashicorp/aws\"]",
      "instances": [
        {
          "schema_version": 0,
          "attributes": {
            "arn": "arn:aws:ec2:us-east-1:544775090288:network-interface/eni-0151772d7fecca533",
            "attachment": [
              {
                "attachment_id": "eni-attach-0c8be3273092684b9",
                "device_index": 0,
                "instance": "i-0b58d2a0f9d67bbe4",
                "network_card_index": 0
              }
            ],
            "description": "",
            "ena_srd_specification": [],
            "enable_primary_ipv6": null,
            "id": "eni-0151772d7fecca533",
            "interface_type": "interface",
            "ipv4_prefix_count": 0,
            "ipv4_prefixes": [],
            "ipv6_address_count": 0,
            "ipv6_address_list": [],
            "ipv6_address_list_enabled": false,
            "ipv6_addresses": [],
            "ipv6_prefix_count": 0,
            "ipv6_prefixes": [],
            "mac_address": "02:10:9e:25:37:b1",
            "outpost_arn": "",
            "owner_id": "544775090288",
            "private_dns_name": "ip-10-0-1-50.ec2.internal",
            "private_ip": "10.0.1.50",
            "private_ip_list": [
              "10.0.1.50"
            ],
            "private_ip_list_enabled": false,
            "private_ips": [
              "10.0.1.50"
            ],
            "private_ips_count": 0,
            "region": "us-east-1",
            "security_groups": [
              "sg-016ed453a057b7fef",
              "sg-071f81e51940ae0e5",
              "sg-083a09685898a71f7",
              "sg-09fb878c023dd521b"
            ],
            "source_dest_check": true,
            "subnet_id": "subnet-0ceb711770d6f78b8",
            "tags": {},
            "tags_all": {}
          },
          "sensitive_attributes": [],
          "identity_schema_version": 0,
          "private": "bnVsbA==",
          "dependencies": [
            "aws_security_group.allow-all-outbound",
            "aws_security_group.allow-jenkins-traffic",
            "aws_security_group.allow-ssh-traffic",
            "aws_security_group.allow-staging-traffic",
            "aws_subnet.subnet-public-jenkins",
            "aws_vpc.nodejs-web-app"
          ]
        }
      ]
    },
    {
      "mode": "managed",
      "type": "aws_network_interface",
      "name": "nodejs-web-app",
      "provider": "provider[\"registry.terraform.io/hashicorp/aws\"]",
      "instances": [
        {
          "schema_version": 0,
          "attributes": {
            "arn": "arn:aws:ec2:us-east-1:544775090288:network-interface/eni-07bb63cfcafb5b976",
            "attachment": [
              {
                "attachment_id": "eni-attach-0a8f19bc6fc7a7e34",
                "device_index": 0,
                "instance": "i-067a79f6027ba5f5b",
                "network_card_index": 0
              }
            ],
            "description": "",
            "ena_srd_specification": [],
            "enable_primary_ipv6": null,
            "id": "eni-07bb63cfcafb5b976",
            "interface_type": "interface",
            "ipv4_prefix_count": 0,
            "ipv4_prefixes": [],
            "ipv6_address_count": 0,
            "ipv6_address_list": [],
            "ipv6_address_list_enabled": false,
            "ipv6_addresses": [],
            "ipv6_prefix_count": 0,
            "ipv6_prefixes": [],
            "mac_address": "02:de:36:0a:2a:d7",
            "outpost_arn": "",
            "owner_id": "544775090288",
            "private_dns_name": "ip-10-0-3-50.ec2.internal",
            "private_ip": "10.0.3.50",
            "private_ip_list": [
              "10.0.3.50"
            ],
            "private_ip_list_enabled": false,
            "private_ips": [
              "10.0.3.50"
            ],
            "private_ips_count": 0,
            "region": "us-east-1",
            "security_groups": [
              "sg-071f81e51940ae0e5",
              "sg-09fb878c023dd521b",
              "sg-0ea330e31c73c5baa"
            ],
            "source_dest_check": true,
            "subnet_id": "subnet-04230c2365140f583",
            "tags": {},
            "tags_all": {}
          },
          "sensitive_attributes": [],
          "identity_schema_version": 0,
          "private": "bnVsbA==",
          "dependencies": [
            "aws_security_group.allow-all-outbound",
            "aws_security_group.allow-ssh-traffic",
            "aws_security_group.allow-web-traffic",
            "aws_subnet.subnet-public-web-app",
            "aws_vpc.nodejs-web-app"
          ]
        }
      ]
    },
    {
      "mode": "managed",
      "type": "aws_route_table",
      "name": "allow-outgoing-access",
      "provider": "provider[\"registry.terraform.io/hashicorp/aws\"]",
      "instances": [
        {
          "schema_version": 0,
          "attributes": {
            "arn": "arn:aws:ec2:us-east-1:544775090288:route-table/rtb-0e7c621bc6e380327",
            "id": "rtb-0e7c621bc6e380327",
            "owner_id": "544775090288",
            "propagating_vgws": [],
            "region": "us-east-1",
            "route": [
              {
                "carrier_gateway_id": "",
                "cidr_block": "0.0.0.0/0",
                "core_network_arn": "",
                "destination_prefix_list_id": "",
                "egress_only_gateway_id": "",
                "gateway_id": "igw-03cbb9ed397718298",
                "ipv6_cidr_block": "",
                "local_gateway_id": "",
                "nat_gateway_id": "",
                "network_interface_id": "",
                "transit_gateway_id": "",
                "vpc_endpoint_id": "",
                "vpc_peering_connection_id": ""
              }
            ],
            "tags": {
              "Name": "Route Table Allowing Outgoing Access"
            },
            "tags_all": {
              "Name": "Route Table Allowing Outgoing Access"
            },
            "timeouts": null,
            "vpc_id": "vpc-063b889ec3b4c78df"
          },
          "sensitive_attributes": [],
          "identity_schema_version": 0,
          "identity": {
            "account_id": "544775090288",
            "id": "rtb-0e7c621bc6e380327",
            "region": "us-east-1"
          },
          "private": "eyJlMmJmYjczMC1lY2FhLTExZTYtOGY4OC0zNDM2M2JjN2M0YzAiOnsiY3JlYXRlIjozMDAwMDAwMDAwMDAsImRlbGV0ZSI6MzAwMDAwMDAwMDAwLCJ1cGRhdGUiOjEyMDAwMDAwMDAwMH19",
          "dependencies": [
            "aws_internet_gateway.nodejs-web-app",
            "aws_vpc.nodejs-web-app"
          ]
        }
      ]
    },
    {
      "mode": "managed",
      "type": "aws_route_table_association",
      "name": "jenkins-subnet",
      "provider": "provider[\"registry.terraform.io/hashicorp/aws\"]",
      "instances": [
        {
          "schema_version": 0,
          "attributes": {
            "gateway_id": "",
            "id": "rtbassoc-073b2703ddff66ae9",
            "region": "us-east-1",
            "route_table_id": "rtb-0e7c621bc6e380327",
            "subnet_id": "subnet-0ceb711770d6f78b8",
            "timeouts": null
          },
          "sensitive_attributes": [],
          "identity_schema_version": 0,
          "identity": {
            "account_id": "544775090288",
            "id": "rtbassoc-073b2703ddff66ae9",
            "region": "us-east-1"
          },
          "private": "eyJlMmJmYjczMC1lY2FhLTExZTYtOGY4OC0zNDM2M2JjN2M0YzAiOnsiY3JlYXRlIjozMDAwMDAwMDAwMDAsImRlbGV0ZSI6MzAwMDAwMDAwMDAwLCJ1cGRhdGUiOjEyMDAwMDAwMDAwMH19",
          "dependencies": [
            "aws_internet_gateway.nodejs-web-app",
            "aws_route_table.allow-outgoing-access",
            "aws_subnet.subnet-public-jenkins",
            "aws_vpc.nodejs-web-app"
          ]
        }
      ]
    },
    {
      "mode": "managed",
      "type": "aws_route_table_association",
      "name": "web-app-subnet",
      "provider": "provider[\"registry.terraform.io/hashicorp/aws\"]",
      "instances": [
        {
          "schema_version": 0,
          "attributes": {
            "gateway_id": "",
            "id": "rtbassoc-0157183ce67580c4f",
            "region": "us-east-1",
            "route_table_id": "rtb-0e7c621bc6e380327",
            "subnet_id": "subnet-04230c2365140f583",
            "timeouts": null
          },
          "sensitive_attributes": [],
          "identity_schema_version": 0,
          "identity": {
            "account_id": "544775090288",
            "id": "rtbassoc-0157183ce67580c4f",
            "region": "us-east-1"
          },
          "private": "eyJlMmJmYjczMC1lY2FhLTExZTYtOGY4OC0zNDM2M2JjN2M0YzAiOnsiY3JlYXRlIjozMDAwMDAwMDAwMDAsImRlbGV0ZSI6MzAwMDAwMDAwMDAwLCJ1cGRhdGUiOjEyMDAwMDAwMDAwMH19",
          "dependencies": [
            "aws_internet_gateway.nodejs-web-app",
            "aws_route_table.allow-outgoing-access",
            "aws_subnet.subnet-public-web-app",
            "aws_vpc.nodejs-web-app"
          ]
        }
      ]
    },
    {
      "mode": "managed",
      "type": "aws_s3_bucket",
      "name": "jenkins-config",
      "provider": "provider[\"registry.terraform.io/hashicorp/aws\"]",
      "instances": [
        {
          "schema_version": 0,
          "attributes": {
            "acceleration_status": "",
            "acl": "private",
            "arn": "arn:aws:s3:::ayam-jenkins-config-2026",
            "bucket": "ayam-jenkins-config-2026",
            "bucket_domain_name": "ayam-jenkins-config-2026.s3.amazonaws.com",
            "bucket_namespace": "global",
            "bucket_prefix": "",
            "bucket_region": "us-east-1",
            "bucket_regional_domain_name": "ayam-jenkins-config-2026.s3.us-east-1.amazonaws.com",
            "cors_rule": [],
            "force_destroy": false,
            "grant": [
              {
                "id": "0cff9e1357c798701f682fb896414f6cd9ee114327c4da48b7f9956f7f2aaa10",
                "permissions": [
                  "FULL_CONTROL"
                ],
                "type": "CanonicalUser",
                "uri": ""
              }
            ],
            "hosted_zone_id": "Z3AQBSTGFYJSTF",
            "id": "ayam-jenkins-config-2026",
            "lifecycle_rule": [],
            "logging": [],
            "object_lock_configuration": [],
            "object_lock_enabled": false,
            "policy": "",
            "region": "us-east-1",
            "replication_configuration": [],
            "request_payer": "BucketOwner",
            "server_side_encryption_configuration": [
              {
                "rule": [
                  {
                    "apply_server_side_encryption_by_default": [
                      {
                        "kms_master_key_id": "",
                        "sse_algorithm": "AES256"
                      }
                    ],
                    "bucket_key_enabled": false
                  }
                ]
              }
            ],
            "tags": {},
            "tags_all": {},
            "timeouts": null,
            "versioning": [
              {
                "enabled": false,
                "mfa_delete": false
              }
            ],
            "website": [],
            "website_domain": null,
            "website_endpoint": null
          },
          "sensitive_attributes": [],
          "identity_schema_version": 0,
          "identity": {
            "account_id": "544775090288",
            "bucket": "ayam-jenkins-config-2026",
            "region": "us-east-1"
          },
          "private": "eyJlMmJmYjczMC1lY2FhLTExZTYtOGY4OC0zNDM2M2JjN2M0YzAiOnsiY3JlYXRlIjoxMjAwMDAwMDAwMDAwLCJkZWxldGUiOjM2MDAwMDAwMDAwMDAsInJlYWQiOjEyMDAwMDAwMDAwMDAsInVwZGF0ZSI6MTIwMDAwMDAwMDAwMH19"
        }
      ]
    },
    {
      "mode": "managed",
      "type": "aws_s3_bucket",
      "name": "nodejs-web-app-logs",
      "provider": "provider[\"registry.terraform.io/hashicorp/aws\"]",
      "instances": [
        {
          "schema_version": 0,
          "attributes": {
            "acceleration_status": "",
            "acl": "private",
            "arn": "arn:aws:s3:::ayam-nodejs-web-app-logs-2026",
            "bucket": "ayam-nodejs-web-app-logs-2026",
            "bucket_domain_name": "ayam-nodejs-web-app-logs-2026.s3.amazonaws.com",
            "bucket_namespace": "global",
            "bucket_prefix": "",
            "bucket_region": "us-east-1",
            "bucket_regional_domain_name": "ayam-nodejs-web-app-logs-2026.s3.us-east-1.amazonaws.com",
            "cors_rule": [],
            "force_destroy": false,
            "grant": [
              {
                "id": "0cff9e1357c798701f682fb896414f6cd9ee114327c4da48b7f9956f7f2aaa10",
                "permissions": [
                  "FULL_CONTROL"
                ],
                "type": "CanonicalUser",
                "uri": ""
              }
            ],
            "hosted_zone_id": "Z3AQBSTGFYJSTF",
            "id": "ayam-nodejs-web-app-logs-2026",
            "lifecycle_rule": [],
            "logging": [],
            "object_lock_configuration": [],
            "object_lock_enabled": false,
            "policy": "",
            "region": "us-east-1",
            "replication_configuration": [],
            "request_payer": "BucketOwner",
            "server_side_encryption_configuration": [
              {
                "rule": [
                  {
                    "apply_server_side_encryption_by_default": [
                      {
                        "kms_master_key_id": "",
                        "sse_algorithm": "AES256"
                      }
                    ],
                    "bucket_key_enabled": false
                  }
                ]
              }
            ],
            "tags": {},
            "tags_all": {},
            "timeouts": null,
            "versioning": [
              {
                "enabled": false,
                "mfa_delete": false
              }
            ],
            "website": [],
            "website_domain": null,
            "website_endpoint": null
          },
          "sensitive_attributes": [],
          "identity_schema_version": 0,
          "identity": {
            "account_id": "544775090288",
            "bucket": "ayam-nodejs-web-app-logs-2026",
            "region": "us-east-1"
          },
          "private": "eyJlMmJmYjczMC1lY2FhLTExZTYtOGY4OC0zNDM2M2JjN2M0YzAiOnsiY3JlYXRlIjoxMjAwMDAwMDAwMDAwLCJkZWxldGUiOjM2MDAwMDAwMDAwMDAsInJlYWQiOjEyMDAwMDAwMDAwMDAsInVwZGF0ZSI6MTIwMDAwMDAwMDAwMH19"
        }
      ]
    },
    {
      "mode": "managed",
      "type": "aws_secretsmanager_secret",
      "name": "nodejs-web-app",
      "provider": "provider[\"registry.terraform.io/hashicorp/aws\"]",
      "instances": [
        {
          "schema_version": 0,
          "attributes": {
            "arn": "arn:aws:secretsmanager:us-east-1:544775090288:secret:nodejs-web-app-secret-3ktk6t",
            "description": "",
            "force_overwrite_replica_secret": false,
            "id": "arn:aws:secretsmanager:us-east-1:544775090288:secret:nodejs-web-app-secret-3ktk6t",
            "kms_key_id": "",
            "name": "nodejs-web-app-secret",
            "name_prefix": "",
            "policy": "",
            "recovery_window_in_days": 30,
            "region": "us-east-1",
            "replica": [],
            "tags": {},
            "tags_all": {}
          },
          "sensitive_attributes": [],
          "identity_schema_version": 0,
          "identity": {
            "arn": "arn:aws:secretsmanager:us-east-1:544775090288:secret:nodejs-web-app-secret-3ktk6t"
          },
          "private": "bnVsbA=="
        }
      ]
    },
    {
      "mode": "managed",
      "type": "aws_secretsmanager_secret_version",
      "name": "nodejs-web-app",
      "provider": "provider[\"registry.terraform.io/hashicorp/aws\"]",
      "instances": [
        {
          "schema_version": 0,
          "attributes": {
            "arn": "arn:aws:secretsmanager:us-east-1:544775090288:secret:nodejs-web-app-secret-3ktk6t",
            "has_secret_string_wo": null,
            "id": "arn:aws:secretsmanager:us-east-1:544775090288:secret:nodejs-web-app-secret-3ktk6t|terraform-20260508063524575100000002",
            "region": "us-east-1",
            "secret_binary": "",
            "secret_id": "arn:aws:secretsmanager:us-east-1:544775090288:secret:nodejs-web-app-secret-3ktk6t",
            "secret_string": "{\"private\":\"\\n-----BEGIN OPENSSH PRIVATE KEY-----\\nb3BlbnNzaC1rZXktdjEAAAAABG5vbmUAAAAEbm9uZQAAAAAAAAABAAACFwAAAAdzc2gtcn\\nNhAAAAAwEAAQAAAgEA2aVRskWnLmmaeiEXPvpqrBytrRwM+gpqyOguS2ZHLNsZm2c/PO5R\\nDFKKxGMi72DDa/6dNJ5Fy7PYN1HuKXszJNi4eceFpuoud341T2IJZLyexHngO/MFxSk7Tc\\nO/uVEiZ+O97DzQHgxzggmLkFLmWv90yARJlN/wVitIV6YyuX4EH4igp7UiWmqLUTmYGa0p\\n/ng5DjWgzuTRFxiOKbInBh8Pvc2PLa1AnD+dz2QcG+sdOucBO++h2VJ77tEUgyjp4tmGOx\\nWQUDTL/dCqmRZt77rMlCWS+OyI3Top6L/1G6Zr1+kkO6bhYJUXEbfAj+0YfEsw1hmH4hb2\\n9Fy45S1c3YYmnkwHcs9B1a8GD/zAZYRxTuFY7GJLXZVNiUTjXYSycZ+kuXed6mdiI/uV83\\ntP8uMPisT1LOizsY+NzhbOB1mmNDqU2kI6c5OjIBGWJUX7XSVEGMBIi4T2sp8qHF/s2ip1\\nzhRTZ3eVfGkAq9V1TUNb6vu79U766euCRrqxR6ezQi9gG4Klghj34MWfBf2c054Z8HTIrk\\nRhUMkC0Oc6hlQD2BdmEa1KEBVOVmB0CpxyhRixyhhCZ9zIMHcAcreOTLrHs1EWWeeNh2gr\\nsSAMslh9oxf+aP5eNa6RwAWncBFEm/jIxxYWFwveJjt9dN9je8MPj4qGjAf44sHW8DV4BN\\nsAAAdIOMwSxDjMEsQAAAAHc3NoLXJzYQAAAgEA2aVRskWnLmmaeiEXPvpqrBytrRwM+gpq\\nyOguS2ZHLNsZm2c/PO5RDFKKxGMi72DDa/6dNJ5Fy7PYN1HuKXszJNi4eceFpuoud341T2\\nIJZLyexHngO/MFxSk7TcO/uVEiZ+O97DzQHgxzggmLkFLmWv90yARJlN/wVitIV6YyuX4E\\nH4igp7UiWmqLUTmYGa0p/ng5DjWgzuTRFxiOKbInBh8Pvc2PLa1AnD+dz2QcG+sdOucBO+\\n+h2VJ77tEUgyjp4tmGOxWQUDTL/dCqmRZt77rMlCWS+OyI3Top6L/1G6Zr1+kkO6bhYJUX\\nEbfAj+0YfEsw1hmH4hb29Fy45S1c3YYmnkwHcs9B1a8GD/zAZYRxTuFY7GJLXZVNiUTjXY\\nSycZ+kuXed6mdiI/uV83tP8uMPisT1LOizsY+NzhbOB1mmNDqU2kI6c5OjIBGWJUX7XSVE\\nGMBIi4T2sp8qHF/s2ip1zhRTZ3eVfGkAq9V1TUNb6vu79U766euCRrqxR6ezQi9gG4Klgh\\nj34MWfBf2c054Z8HTIrkRhUMkC0Oc6hlQD2BdmEa1KEBVOVmB0CpxyhRixyhhCZ9zIMHcA\\ncreOTLrHs1EWWeeNh2grsSAMslh9oxf+aP5eNa6RwAWncBFEm/jIxxYWFwveJjt9dN9je8\\nMPj4qGjAf44sHW8DV4BNsAAAADAQABAAACAGuvDXxIVR60Fj/N5ov851FvwQhw5ATEqa/s\\nnJcmrBmH8CQBEftKKGSR5GGlcTAB7r6ck9hoZL0UJuq8CTuR3qyg46kxLDH5FPN/SM4Vgf\\nNLFby9VlIi/BxgOZzQuKfuejjvp9TeA9SSMYZJxbkrIxkr4nJiGKvlnqprsNfY/ajkLhMS\\nDPbdOnmE1JhkCBrQIAJtJkGfDAjBkqg8OH5tzDwNm0K8FVayrVCBc0mczQGNMwGlMOmgNz\\nJoyrPO07jPQeVA3daW5Teh37odh4LF46/kevrjmlO56D+Y2wpzC0labmo9ynUPLNyV93uH\\nMGmlk+NPaoLLz/zvgtFFnR+a8aIoxUccbcKAlBmalUPJXrCEq8V6nJt7LwLh5cQTvzpC64\\nzJVNtdgclhooJc5+EuqMpXIOZmcVPyZDYzKpH0hC09npMhZaftWaxMas0Z6B+DfivtYF/H\\nTXR3e11n3cM3maxU9IHyrmt5aBPSIipLXE4BfSxG/uA8DClo7T910cjr86RmWGq9S/iToH\\nDUeTmY0WagJr+vEYx/CK1NsDoTdG17TJ6RXgjSUTw3fIIZ2bVL9zkmrMiaJr145KJUZnJW\\nvskaYiooKqGA11rnxWBpvSIEQ7fELZeZ2ssYkFjHVeFQUoKaWkFDFHal9lDLR5AvZIJ/K0\\nM5HKf9/d/0ax/DoZwxAAABAFIhqJY30Xz8pPd+L7BHHrqY6xES7vkU161Brdlk9yDwXk62\\n8cHsuVvQ+v2JkE506QblqF2P04TcVg83T2BS4MsyIdsfHYzvpk4SRKbULbzv+hErZDKnhr\\nb8RFpdvZEAD7yvxm6xpJKvNyuZwt0w1bPoCZTOfWJD+JtyA/lBPSX3vIhfZiqFAH2dEcwo\\nfkBbagiilse0v0Ago6t8PXzr1N2r+mIvaiw/fMA7kWHPpWkgUaXrwy1FaAr+IBY4KwDqan\\nSeIFRBcpeJBkY2dr1Y+hWTr2AnB5UnYVqIT15zbrokk8VX+1PELCY7UY9EyL7sZ1Hnp0aZ\\n4ig8jL8crbVyC+MAAAEBAP9MwM4cE2lT/765ciB2SqDmU8txwRcyNR5wvCaznmkx6tPdFT\\nUVr3QDqW/wHz4lEa9aBFnC5fZGPxwBYmj9vgVdZ1m6Xur0iZE5ENoXJg+jYyrKV3opKt+R\\n1kFj0AievxvOJTUsQnd21YwGh9jgAnY8bnxEDG79eBRjJ7iMAkuDHG9cQnUvEcGDxzpHhR\\nosDV1cULYFfT90XI6J8gHDfRj/GUDdyYBE3fpMsJHTq78K5iF5jtzgZpszMAHB9xfK+5iY\\n926tW0FGjGVqMGBIklYeHhr+XyopW34QOv/Me41J7DQEGfz5sAvkYSKnCKXfi2mRlkvDo+\\nEgxdANuL/mjtEAAAEBANo+IQMtMquR+cbT6SNyjlnFwg+M/9U5xZmBMw/xBT/kRklnf5u7\\nm6ZFZnIIzujUQ2+5oltEMh0+sy8AdvHI5gwI2D9Utb+LuYJ1erzIMTnwOYVn5i+JegFgUn\\nJEzKnxckG5oijQguCpX5jc6Op4oWAwpeLgmYrd4XeiTT665DrQuLVEdMKs51SljfYE1o2T\\nBP+HYe+9yGreYpH9/pPftXBbQ5vS/LFXJE6kXQYoV2YUSsMc76Q/687s/nXUf43lQkIKcb\\nM/OIg20keD7JwluaezbnTrMoEm08KWhIYn8TfAERBiSpzqol//x6qFhtXOwMHJhp9Oe2qY\\nq0oVUr0M++sAAAARYXlhbWt1bWFyLnJjQC5jb20BAg==\\n-----END OPENSSH PRIVATE KEY-----\",\"public\":\"ssh-rsa AAAAB3NzaC1yc2EAAAADAQABAAACAQDZpVGyRacuaZp6IRc++mqsHK2tHAz6CmrI6C5LZkcs2xmbZz887lEMUorEYyLvYMNr/p00nkXLs9g3Ue4pezMk2Lh5x4Wm6i53fjVPYglkvJ7EeeA78wXFKTtNw7+5USJn473sPNAeDHOCCYuQUuZa/3TIBEmU3/BWK0hXpjK5fgQfiKCntSJaaotROZgZrSn+eDkONaDO5NEXGI4psicGHw+9zY8trUCcP53PZBwb6x065wE776HZUnvu0RSDKOni2YY7FZBQNMv90KqZFm3vusyUJZL47IjdOinov/UbpmvX6SQ7puFglRcRt8CP7Rh8SzDWGYfiFvb0XLjlLVzdhiaeTAdyz0HVrwYP/MBlhHFO4VjsYktdlU2JRONdhLJxn6S5d53qZ2Ij+5Xze0/y4w+KxPUs6LOxj43OFs4HWaY0OpTaQjpzk6MgEZYlRftdJUQYwEiLhPaynyocX+zaKnXOFFNnd5V8aQCr1XVNQ1vq+7v1Tvrp64JGurFHp7NCL2AbgqWCGPfgxZ8F/ZzTnhnwdMiuRGFQyQLQ5zqGVAPYF2YRrUoQFU5WYHQKnHKFGLHKGEJn3MgwdwByt45MusezURZZ542HaCuxIAyyWH2jF/5o/l41rpHABadwEUSb+MjHFhYXC94mO31032N7ww+PioaMB/jiwdbwNXgE2w== ayamkumar.rc@.com\",\"slackToken\":\"PASTE_SLACK_TOKEN\"}",
            "secret_string_wo": null,
            "secret_string_wo_version": null,
            "version_id": "terraform-20260508063524575100000002",
            "version_stages": [
              "AWSCURRENT"
            ]
          },
          "sensitive_attributes": [
            [
              {
                "type": "get_attr",
                "value": "secret_binary"
              }
            ],
            [
              {
                "type": "get_attr",
                "value": "secret_string"
              }
            ],
            [
              {
                "type": "get_attr",
                "value": "secret_string_wo"
              }
            ]
          ],
          "identity_schema_version": 0,
          "identity": {
            "account_id": "544775090288",
            "region": "us-east-1",
            "secret_id": "arn:aws:secretsmanager:us-east-1:544775090288:secret:nodejs-web-app-secret-3ktk6t",
            "version_id": "terraform-20260508063524575100000002"
          },
          "private": "bnVsbA==",
          "dependencies": [
            "aws_secretsmanager_secret.nodejs-web-app"
          ]
        }
      ]
    },
    {
      "mode": "managed",
      "type": "aws_security_group",
      "name": "allow-all-outbound",
      "provider": "provider[\"registry.terraform.io/hashicorp/aws\"]",
      "instances": [
        {
          "schema_version": 1,
          "attributes": {
            "arn": "arn:aws:ec2:us-east-1:544775090288:security-group/sg-071f81e51940ae0e5",
            "description": "Allow all outbound traffic",
            "egress": [
              {
                "cidr_blocks": [
                  "0.0.0.0/0"
                ],
                "description": "",
                "from_port": 0,
                "ipv6_cidr_blocks": [],
                "prefix_list_ids": [],
                "protocol": "-1",
                "security_groups": [],
                "self": false,
                "to_port": 0
              }
            ],
            "id": "sg-071f81e51940ae0e5",
            "ingress": [],
            "name": "allow-all-outbound",
            "name_prefix": "",
            "owner_id": "544775090288",
            "region": "us-east-1",
            "revoke_rules_on_delete": false,
            "tags": {},
            "tags_all": {},
            "timeouts": null,
            "vpc_id": "vpc-063b889ec3b4c78df"
          },
          "sensitive_attributes": [],
          "identity_schema_version": 0,
          "identity": {
            "account_id": "544775090288",
            "id": "sg-071f81e51940ae0e5",
            "region": "us-east-1"
          },
          "private": "eyJlMmJmYjczMC1lY2FhLTExZTYtOGY4OC0zNDM2M2JjN2M0YzAiOnsiY3JlYXRlIjo2MDAwMDAwMDAwMDAsImRlbGV0ZSI6OTAwMDAwMDAwMDAwfSwic2NoZW1hX3ZlcnNpb24iOiIxIn0=",
          "dependencies": [
            "aws_vpc.nodejs-web-app"
          ]
        }
      ]
    },
    {
      "mode": "managed",
      "type": "aws_security_group",
      "name": "allow-jenkins-traffic",
      "provider": "provider[\"registry.terraform.io/hashicorp/aws\"]",
      "instances": [
        {
          "schema_version": 1,
          "attributes": {
            "arn": "arn:aws:ec2:us-east-1:544775090288:security-group/sg-016ed453a057b7fef",
            "description": "Allow jenkins inbound traffic",
            "egress": [],
            "id": "sg-016ed453a057b7fef",
            "ingress": [
              {
                "cidr_blocks": [
                  "0.0.0.0/0"
                ],
                "description": "Jenkins",
                "from_port": 8080,
                "ipv6_cidr_blocks": [],
                "prefix_list_ids": [],
                "protocol": "tcp",
                "security_groups": [],
                "self": false,
                "to_port": 8080
              }
            ],
            "name": "allow-jenkins-traffic",
            "name_prefix": "",
            "owner_id": "544775090288",
            "region": "us-east-1",
            "revoke_rules_on_delete": false,
            "tags": {},
            "tags_all": {},
            "timeouts": null,
            "vpc_id": "vpc-063b889ec3b4c78df"
          },
          "sensitive_attributes": [],
          "identity_schema_version": 0,
          "identity": {
            "account_id": "544775090288",
            "id": "sg-016ed453a057b7fef",
            "region": "us-east-1"
          },
          "private": "eyJlMmJmYjczMC1lY2FhLTExZTYtOGY4OC0zNDM2M2JjN2M0YzAiOnsiY3JlYXRlIjo2MDAwMDAwMDAwMDAsImRlbGV0ZSI6OTAwMDAwMDAwMDAwfSwic2NoZW1hX3ZlcnNpb24iOiIxIn0=",
          "dependencies": [
            "aws_vpc.nodejs-web-app"
          ]
        }
      ]
    },
    {
      "mode": "managed",
      "type": "aws_security_group",
      "name": "allow-ssh-traffic",
      "provider": "provider[\"registry.terraform.io/hashicorp/aws\"]",
      "instances": [
        {
          "schema_version": 1,
          "attributes": {
            "arn": "arn:aws:ec2:us-east-1:544775090288:security-group/sg-09fb878c023dd521b",
            "description": "Allow SSH inbound traffic",
            "egress": [],
            "id": "sg-09fb878c023dd521b",
            "ingress": [
              {
                "cidr_blocks": [
                  "0.0.0.0/0"
                ],
                "description": "SSH",
                "from_port": 22,
                "ipv6_cidr_blocks": [],
                "prefix_list_ids": [],
                "protocol": "tcp",
                "security_groups": [],
                "self": false,
                "to_port": 22
              }
            ],
            "name": "allow-ssh-traffic",
            "name_prefix": "",
            "owner_id": "544775090288",
            "region": "us-east-1",
            "revoke_rules_on_delete": false,
            "tags": {},
            "tags_all": {},
            "timeouts": null,
            "vpc_id": "vpc-063b889ec3b4c78df"
          },
          "sensitive_attributes": [],
          "identity_schema_version": 0,
          "identity": {
            "account_id": "544775090288",
            "id": "sg-09fb878c023dd521b",
            "region": "us-east-1"
          },
          "private": "eyJlMmJmYjczMC1lY2FhLTExZTYtOGY4OC0zNDM2M2JjN2M0YzAiOnsiY3JlYXRlIjo2MDAwMDAwMDAwMDAsImRlbGV0ZSI6OTAwMDAwMDAwMDAwfSwic2NoZW1hX3ZlcnNpb24iOiIxIn0=",
          "dependencies": [
            "aws_vpc.nodejs-web-app"
          ]
        }
      ]
    },
    {
      "mode": "managed",
      "type": "aws_security_group",
      "name": "allow-staging-traffic",
      "provider": "provider[\"registry.terraform.io/hashicorp/aws\"]",
      "instances": [
        {
          "schema_version": 1,
          "attributes": {
            "arn": "arn:aws:ec2:us-east-1:544775090288:security-group/sg-083a09685898a71f7",
            "description": "Allow Inbound traffic for security checks",
            "egress": [],
            "id": "sg-083a09685898a71f7",
            "ingress": [
              {
                "cidr_blocks": [
                  "0.0.0.0/0"
                ],
                "description": "Staging",
                "from_port": 8000,
                "ipv6_cidr_blocks": [],
                "prefix_list_ids": [],
                "protocol": "tcp",
                "security_groups": [],
                "self": false,
                "to_port": 8000
              }
            ],
            "name": "allow-stagin-traffic",
            "name_prefix": "",
            "owner_id": "544775090288",
            "region": "us-east-1",
            "revoke_rules_on_delete": false,
            "tags": {},
            "tags_all": {},
            "timeouts": null,
            "vpc_id": "vpc-063b889ec3b4c78df"
          },
          "sensitive_attributes": [],
          "identity_schema_version": 0,
          "identity": {
            "account_id": "544775090288",
            "id": "sg-083a09685898a71f7",
            "region": "us-east-1"
          },
          "private": "eyJlMmJmYjczMC1lY2FhLTExZTYtOGY4OC0zNDM2M2JjN2M0YzAiOnsiY3JlYXRlIjo2MDAwMDAwMDAwMDAsImRlbGV0ZSI6OTAwMDAwMDAwMDAwfSwic2NoZW1hX3ZlcnNpb24iOiIxIn0=",
          "dependencies": [
            "aws_vpc.nodejs-web-app"
          ]
        }
      ]
    },
    {
      "mode": "managed",
      "type": "aws_security_group",
      "name": "allow-web-traffic",
      "provider": "provider[\"registry.terraform.io/hashicorp/aws\"]",
      "instances": [
        {
          "schema_version": 1,
          "attributes": {
            "arn": "arn:aws:ec2:us-east-1:544775090288:security-group/sg-0ea330e31c73c5baa",
            "description": "Allow HTTP / HTTPS inbound traffic",
            "egress": [],
            "id": "sg-0ea330e31c73c5baa",
            "ingress": [
              {
                "cidr_blocks": [
                  "0.0.0.0/0"
                ],
                "description": "HTTP",
                "from_port": 80,
                "ipv6_cidr_blocks": [],
                "prefix_list_ids": [],
                "protocol": "tcp",
                "security_groups": [],
                "self": false,
                "to_port": 80
              },
              {
                "cidr_blocks": [
                  "0.0.0.0/0"
                ],
                "description": "HTTPS",
                "from_port": 443,
                "ipv6_cidr_blocks": [],
                "prefix_list_ids": [],
                "protocol": "tcp",
                "security_groups": [],
                "self": false,
                "to_port": 443
              }
            ],
            "name": "allow-web-traffic",
            "name_prefix": "",
            "owner_id": "544775090288",
            "region": "us-east-1",
            "revoke_rules_on_delete": false,
            "tags": {},
            "tags_all": {},
            "timeouts": null,
            "vpc_id": "vpc-063b889ec3b4c78df"
          },
          "sensitive_attributes": [],
          "identity_schema_version": 0,
          "identity": {
            "account_id": "544775090288",
            "id": "sg-0ea330e31c73c5baa",
            "region": "us-east-1"
          },
          "private": "eyJlMmJmYjczMC1lY2FhLTExZTYtOGY4OC0zNDM2M2JjN2M0YzAiOnsiY3JlYXRlIjo2MDAwMDAwMDAwMDAsImRlbGV0ZSI6OTAwMDAwMDAwMDAwfSwic2NoZW1hX3ZlcnNpb24iOiIxIn0=",
          "dependencies": [
            "aws_vpc.nodejs-web-app"
          ]
        }
      ]
    },
    {
      "mode": "managed",
      "type": "aws_subnet",
      "name": "subnet-public-jenkins",
      "provider": "provider[\"registry.terraform.io/hashicorp/aws\"]",
      "instances": [
        {
          "schema_version": 1,
          "attributes": {
            "arn": "arn:aws:ec2:us-east-1:544775090288:subnet/subnet-0ceb711770d6f78b8",
            "assign_ipv6_address_on_creation": false,
            "availability_zone": "us-east-1a",
            "availability_zone_id": "use1-az1",
            "cidr_block": "10.0.1.0/24",
            "customer_owned_ipv4_pool": "",
            "enable_dns64": false,
            "enable_lni_at_device_index": 0,
            "enable_resource_name_dns_a_record_on_launch": false,
            "enable_resource_name_dns_aaaa_record_on_launch": false,
            "id": "subnet-0ceb711770d6f78b8",
            "ipv4_ipam_pool_id": null,
            "ipv4_netmask_length": null,
            "ipv6_cidr_block": "",
            "ipv6_cidr_block_association_id": "",
            "ipv6_ipam_pool_id": null,
            "ipv6_native": false,
            "ipv6_netmask_length": null,
            "map_customer_owned_ip_on_launch": false,
            "map_public_ip_on_launch": false,
            "outpost_arn": "",
            "owner_id": "544775090288",
            "private_dns_hostname_type_on_launch": "ip-name",
            "region": "us-east-1",
            "tags": {
              "Name": "Jenkins Subnet"
            },
            "tags_all": {
              "Name": "Jenkins Subnet"
            },
            "timeouts": null,
            "vpc_id": "vpc-063b889ec3b4c78df"
          },
          "sensitive_attributes": [],
          "identity_schema_version": 0,
          "identity": {
            "account_id": "544775090288",
            "id": "subnet-0ceb711770d6f78b8",
            "region": "us-east-1"
          },
          "private": "eyJlMmJmYjczMC1lY2FhLTExZTYtOGY4OC0zNDM2M2JjN2M0YzAiOnsiY3JlYXRlIjo2MDAwMDAwMDAwMDAsImRlbGV0ZSI6MTIwMDAwMDAwMDAwMH0sInNjaGVtYV92ZXJzaW9uIjoiMSJ9",
          "dependencies": [
            "aws_vpc.nodejs-web-app"
          ]
        }
      ]
    },
    {
      "mode": "managed",
      "type": "aws_subnet",
      "name": "subnet-public-web-app",
      "provider": "provider[\"registry.terraform.io/hashicorp/aws\"]",
      "instances": [
        {
          "schema_version": 1,
          "attributes": {
            "arn": "arn:aws:ec2:us-east-1:544775090288:subnet/subnet-04230c2365140f583",
            "assign_ipv6_address_on_creation": false,
            "availability_zone": "us-east-1a",
            "availability_zone_id": "use1-az1",
            "cidr_block": "10.0.3.0/24",
            "customer_owned_ipv4_pool": "",
            "enable_dns64": false,
            "enable_lni_at_device_index": 0,
            "enable_resource_name_dns_a_record_on_launch": false,
            "enable_resource_name_dns_aaaa_record_on_launch": false,
            "id": "subnet-04230c2365140f583",
            "ipv4_ipam_pool_id": null,
            "ipv4_netmask_length": null,
            "ipv6_cidr_block": "",
            "ipv6_cidr_block_association_id": "",
            "ipv6_ipam_pool_id": null,
            "ipv6_native": false,
            "ipv6_netmask_length": null,
            "map_customer_owned_ip_on_launch": false,
            "map_public_ip_on_launch": false,
            "outpost_arn": "",
            "owner_id": "544775090288",
            "private_dns_hostname_type_on_launch": "ip-name",
            "region": "us-east-1",
            "tags": {
              "Name": "nodejs Web App Subnet"
            },
            "tags_all": {
              "Name": "nodejs Web App Subnet"
            },
            "timeouts": null,
            "vpc_id": "vpc-063b889ec3b4c78df"
          },
          "sensitive_attributes": [],
          "identity_schema_version": 0,
          "identity": {
            "account_id": "544775090288",
            "id": "subnet-04230c2365140f583",
            "region": "us-east-1"
          },
          "private": "eyJlMmJmYjczMC1lY2FhLTExZTYtOGY4OC0zNDM2M2JjN2M0YzAiOnsiY3JlYXRlIjo2MDAwMDAwMDAwMDAsImRlbGV0ZSI6MTIwMDAwMDAwMDAwMH0sInNjaGVtYV92ZXJzaW9uIjoiMSJ9",
          "dependencies": [
            "aws_vpc.nodejs-web-app"
          ]
        }
      ]
    },
    {
      "mode": "managed",
      "type": "aws_vpc",
      "name": "nodejs-web-app",
      "provider": "provider[\"registry.terraform.io/hashicorp/aws\"]",
      "instances": [
        {
          "schema_version": 1,
          "attributes": {
            "arn": "arn:aws:ec2:us-east-1:544775090288:vpc/vpc-063b889ec3b4c78df",
            "assign_generated_ipv6_cidr_block": false,
            "cidr_block": "10.0.0.0/16",
            "default_network_acl_id": "acl-0ad523d44b54deef0",
            "default_route_table_id": "rtb-0c3a75bfe8eabc4e6",
            "default_security_group_id": "sg-00e6fefc424584f45",
            "dhcp_options_id": "dopt-0400f6f6ad1e11702",
            "enable_dns_hostnames": true,
            "enable_dns_support": true,
            "enable_network_address_usage_metrics": false,
            "id": "vpc-063b889ec3b4c78df",
            "instance_tenancy": "default",
            "ipv4_ipam_pool_id": null,
            "ipv4_netmask_length": null,
            "ipv6_association_id": "",
            "ipv6_cidr_block": "",
            "ipv6_cidr_block_network_border_group": "",
            "ipv6_ipam_pool_id": "",
            "ipv6_netmask_length": 0,
            "main_route_table_id": "rtb-0c3a75bfe8eabc4e6",
            "owner_id": "544775090288",
            "region": "us-east-1",
            "tags": {
              "Name": "nodejs Web App VPC"
            },
            "tags_all": {
              "Name": "nodejs Web App VPC"
            }
          },
          "sensitive_attributes": [],
          "identity_schema_version": 0,
          "identity": {
            "account_id": "544775090288",
            "id": "vpc-063b889ec3b4c78df",
            "region": "us-east-1"
          },
          "private": "eyJzY2hlbWFfdmVyc2lvbiI6IjEifQ=="
        }
      ]
    },
    {
      "mode": "managed",
      "type": "random_id",
      "name": "job-id",
      "provider": "provider[\"registry.terraform.io/hashicorp/random\"]",
      "instances": [
        {
          "schema_version": 0,
          "attributes": {
            "b64_std": "akHXEWnZq1NDH/eyI4Myjw==",
            "b64_url": "akHXEWnZq1NDH_eyI4Myjw",
            "byte_length": 16,
            "dec": "141240028946708466169975710843918299791",
            "hex": "6a41d71169d9ab53431ff7b22383328f",
            "id": "akHXEWnZq1NDH_eyI4Myjw",
            "keepers": null,
            "prefix": null
          },
          "sensitive_attributes": [],
          "identity_schema_version": 0
        }
      ]
    },
    {
      "module": "module.application-server",
      "mode": "managed",
      "type": "aws_instance",
      "name": "default",
      "provider": "provider[\"registry.terraform.io/hashicorp/aws\"]",
      "instances": [
        {
          "schema_version": 2,
          "attributes": {
            "ami": "ami-05e411cf591b5c9f6",
            "arn": "arn:aws:ec2:us-east-1:544775090288:instance/i-067a79f6027ba5f5b",
            "associate_public_ip_address": true,
            "availability_zone": "us-east-1a",
            "capacity_reservation_specification": [
              {
                "capacity_reservation_preference": "open",
                "capacity_reservation_target": []
              }
            ],
            "cpu_options": [
              {
                "amd_sev_snp": "",
                "core_count": 1,
                "nested_virtualization": "",
                "threads_per_core": 2
              }
            ],
            "credit_specification": [
              {
                "cpu_credits": "unlimited"
              }
            ],
            "disable_api_stop": false,
            "disable_api_termination": false,
            "ebs_block_device": [],
            "ebs_optimized": false,
            "enable_primary_ipv6": null,
            "enclave_options": [
              {
                "enabled": false
              }
            ],
            "ephemeral_block_device": [],
            "force_destroy": false,
            "get_password_data": false,
            "hibernation": false,
            "host_id": "",
            "host_resource_group_arn": null,
            "iam_instance_profile": "nodejs-web-app",
            "id": "i-067a79f6027ba5f5b",
            "instance_initiated_shutdown_behavior": "stop",
            "instance_lifecycle": "",
            "instance_market_options": [],
            "instance_state": "running",
            "instance_type": "t3.micro",
            "ipv6_address_count": 0,
            "ipv6_addresses": [],
            "key_name": "nodejs-web-app",
            "launch_template": [],
            "maintenance_options": [
              {
                "auto_recovery": "default"
              }
            ],
            "metadata_options": [
              {
                "http_endpoint": "enabled",
                "http_protocol_ipv6": "disabled",
                "http_put_response_hop_limit": 2,
                "http_tokens": "required",
                "instance_metadata_tags": "disabled"
              }
            ],
            "monitoring": false,
            "network_interface": [
              {
                "delete_on_termination": false,
                "device_index": 0,
                "network_card_index": 0,
                "network_interface_id": "eni-07bb63cfcafb5b976"
              }
            ],
            "outpost_arn": "",
            "password_data": "",
            "placement_group": "",
            "placement_group_id": "",
            "placement_partition_number": 0,
            "primary_network_interface": [
              {
                "delete_on_termination": false,
                "network_interface_id": "eni-07bb63cfcafb5b976"
              }
            ],
            "primary_network_interface_id": "eni-07bb63cfcafb5b976",
            "private_dns": "ip-10-0-3-50.ec2.internal",
            "private_dns_name_options": [
              {
                "enable_resource_name_dns_a_record": false,
                "enable_resource_name_dns_aaaa_record": false,
                "hostname_type": "ip-name"
              }
            ],
            "private_ip": "10.0.3.50",
            "public_dns": "ec2-100-48-136-235.compute-1.amazonaws.com",
            "public_ip": "100.48.136.235",
            "region": "us-east-1",
            "root_block_device": [
              {
                "delete_on_termination": true,
                "device_name": "/dev/xvda",
                "encrypted": false,
                "iops": 3000,
                "kms_key_id": "",
                "tags": {},
                "tags_all": {},
                "throughput": 125,
                "volume_id": "vol-0f41a6a9510e13d6d",
                "volume_size": 8,
                "volume_type": "gp3"
              }
            ],
            "secondary_network_interface": [],
            "secondary_private_ips": [],
            "security_groups": [],
            "source_dest_check": true,
            "spot_instance_request_id": "",
            "subnet_id": "subnet-04230c2365140f583",
            "tags": {
              "Name": "nodejs Web App"
            },
            "tags_all": {
              "Name": "nodejs Web App"
            },
            "tenancy": "default",
            "timeouts": null,
            "user_data": "#! /bin/bash\n\nsudo yum update -y\n\n# Install Docker\nsudo amazon-linux-extras install docker -y\n\n# Start Docker\nsudo systemctl start docker\nsudo systemctl enable docker\n\n# Create startup script\ncat \u003c\u003c EOT \u003e start-website\n/bin/sh -e -c 'echo $(aws ecr get-login-password --region us-east-1) | docker login -u AWS --password-stdin 544775090288.dkr.ecr.us-east-1.amazonaws.com/nodejs-web-app-2026'\nsudo docker pull 544775090288.dkr.ecr.us-east-1.amazonaws.com/nodejs-web-app-2026:release\nsudo docker run -p 80:8000 544775090288.dkr.ecr.us-east-1.amazonaws.com/nodejs-web-app-2026:release\nEOT\n\n# Move startup script\nsudo mv start-website /var/lib/cloud/scripts/per-boot/start-website\n\n# Make executable\nsudo chmod +x /var/lib/cloud/scripts/per-boot/start-website\n\n# Run script\n/var/lib/cloud/scripts/per-boot/start-website#! /bin/bash\necho \"Hello Application Server\" \u003e\u003e /home/ec2-user/application_rc.txt\n",
            "user_data_base64": null,
            "user_data_replace_on_change": false,
            "volume_tags": null,
            "vpc_security_group_ids": [
              "sg-071f81e51940ae0e5",
              "sg-09fb878c023dd521b",
              "sg-0ea330e31c73c5baa"
            ]
          },
          "sensitive_attributes": [],
          "identity_schema_version": 0,
          "identity": {
            "account_id": "544775090288",
            "id": "i-067a79f6027ba5f5b",
            "region": "us-east-1"
          },
          "private": "eyJlMmJmYjczMC1lY2FhLTExZTYtOGY4OC0zNDM2M2JjN2M0YzAiOnsiY3JlYXRlIjo2MDAwMDAwMDAwMDAsImRlbGV0ZSI6MTIwMDAwMDAwMDAwMCwicmVhZCI6OTAwMDAwMDAwMDAwLCJ1cGRhdGUiOjYwMDAwMDAwMDAwMH0sInNjaGVtYV92ZXJzaW9uIjoiMiJ9",
          "dependencies": [
            "aws_ecr_repository.nodejs-web-app",
            "aws_iam_instance_profile.nodejs-web-app",
            "aws_iam_policy.ecr-access",
            "aws_iam_role.nodejs-web-app",
            "aws_key_pair.nodejs-web-app-key",
            "aws_network_interface.nodejs-web-app",
            "aws_security_group.allow-all-outbound",
            "aws_security_group.allow-ssh-traffic",
            "aws_security_group.allow-web-traffic",
            "aws_subnet.subnet-public-web-app",
            "aws_vpc.nodejs-web-app"
          ]
        }
      ]
    },
    {
      "module": "module.jenkins",
      "mode": "managed",
      "type": "aws_instance",
      "name": "default",
      "provider": "provider[\"registry.terraform.io/hashicorp/aws\"]",
      "instances": [
        {
          "schema_version": 2,
          "attributes": {
            "ami": "ami-0742b4e673072066f",
            "arn": "arn:aws:ec2:us-east-1:544775090288:instance/i-0b58d2a0f9d67bbe4",
            "associate_public_ip_address": true,
            "availability_zone": "us-east-1a",
            "capacity_reservation_specification": [
              {
                "capacity_reservation_preference": "open",
                "capacity_reservation_target": []
              }
            ],
            "cpu_options": [
              {
                "amd_sev_snp": "",
                "core_count": 1,
                "nested_virtualization": "",
                "threads_per_core": 2
              }
            ],
            "credit_specification": [
              {
                "cpu_credits": "unlimited"
              }
            ],
            "disable_api_stop": false,
            "disable_api_termination": false,
            "ebs_block_device": [],
            "ebs_optimized": false,
            "enable_primary_ipv6": null,
            "enclave_options": [
              {
                "enabled": false
              }
            ],
            "ephemeral_block_device": [],
            "force_destroy": false,
            "get_password_data": false,
            "hibernation": false,
            "host_id": "",
            "host_resource_group_arn": null,
            "iam_instance_profile": "jenkins",
            "id": "i-0b58d2a0f9d67bbe4",
            "instance_initiated_shutdown_behavior": "stop",
            "instance_lifecycle": "",
            "instance_market_options": [],
            "instance_state": "running",
            "instance_type": "t3.micro",
            "ipv6_address_count": 0,
            "ipv6_addresses": [],
            "key_name": "jenkins",
            "launch_template": [],
            "maintenance_options": [
              {
                "auto_recovery": "default"
              }
            ],
            "metadata_options": [
              {
                "http_endpoint": "enabled",
                "http_protocol_ipv6": "disabled",
                "http_put_response_hop_limit": 1,
                "http_tokens": "optional",
                "instance_metadata_tags": "disabled"
              }
            ],
            "monitoring": false,
            "network_interface": [
              {
                "delete_on_termination": false,
                "device_index": 0,
                "network_card_index": 0,
                "network_interface_id": "eni-0151772d7fecca533"
              }
            ],
            "outpost_arn": "",
            "password_data": "",
            "placement_group": "",
            "placement_group_id": "",
            "placement_partition_number": 0,
            "primary_network_interface": [
              {
                "delete_on_termination": false,
                "network_interface_id": "eni-0151772d7fecca533"
              }
            ],
            "primary_network_interface_id": "eni-0151772d7fecca533",
            "private_dns": "ip-10-0-1-50.ec2.internal",
            "private_dns_name_options": [
              {
                "enable_resource_name_dns_a_record": false,
                "enable_resource_name_dns_aaaa_record": false,
                "hostname_type": "ip-name"
              }
            ],
            "private_ip": "10.0.1.50",
            "public_dns": "ec2-100-30-83-17.compute-1.amazonaws.com",
            "public_ip": "100.30.83.17",
            "region": "us-east-1",
            "root_block_device": [
              {
                "delete_on_termination": true,
                "device_name": "/dev/xvda",
                "encrypted": false,
                "iops": 100,
                "kms_key_id": "",
                "tags": {},
                "tags_all": {},
                "throughput": 0,
                "volume_id": "vol-0d7aa527b35995483",
                "volume_size": 8,
                "volume_type": "gp2"
              }
            ],
            "secondary_network_interface": [],
            "secondary_private_ips": [],
            "security_groups": [],
            "source_dest_check": true,
            "spot_instance_request_id": "",
            "subnet_id": "subnet-0ceb711770d6f78b8",
            "tags": {
              "Name": "jenkins"
            },
            "tags_all": {
              "Name": "jenkins"
            },
            "tenancy": "default",
            "timeouts": null,
            "user_data": "#! /bin/bash\n\nsudo yum update -y\n\n# Install Git\nsudo yum install -y git\n\n# Install Jenkins\n\nsudo wget -O /etc/yum.repos.d/jenkins.repo \\\n    https://pkg.jenkins.io/redhat-stable/jenkins.repo\nsudo rpm --import https://pkg.jenkins.io/redhat-stable/jenkins.io-2023.key\nsudo yum upgrade\nsudo dnf install java-11-amazon-corretto -y\nsudo yum install jenkins -y\n\n\n# Enable jenkins to run on boot\nsudo systemctl enable jenkins\n\n# Start Jenkins\nsudo systemctl start jenkins\n\n# sudo wget -O /etc/yum.repos.d/jenkins.repo \\\n#     https://pkg.jenkins.io/redhat-stable/jenkins.repo\n# sudo rpm --import https://pkg.jenkins.io/redhat-stable/jenkins.io.key\n# sudo yum upgrade -y\n# sudo yum install -y jenkins java-1.8.0-openjdk-devel\nsudo systemctl daemon-reload\n\n\n\n# Install Docker\nsudo yum install docker -y\n# sudo amazon-linux-extras install docker\n\n# Start Docker\nsudo systemctl start docker\n\n# Enable Docker to run on boot\nsudo systemctl enable docker\n\n# Let Jenkins and the current user use docker\nsudo usermod -a -G docker ec2-user\nsudo usermod -a -G docker jenkins\n\n# Create the opt folder in the jenkins home\nsudo mkdir /var/lib/jenkins/opt\nsudo chown jenkins:jenkins  /var/lib/jenkins/opt\n\n# Download and install arachni as jenkins user\nwget https://github.com/Arachni/arachni/releases/download/v1.5.1/arachni-1.5.1-0.5.12-linux-x86_64.tar.gz \ntar -zxf arachni-1.5.1-0.5.12-linux-x86_64.tar.gz \nrm arachni-1.5.1-0.5.12-linux-x86_64.tar.gz \nsudo chown -R jenkins:jenkins arachni-1.5.1-0.5.12/\nsudo mv arachni-1.5.1-0.5.12 /var/lib/jenkins/opt\n\n# Save the instance_id, repositories urls and bucket name to use in the pipeline\nsudo /bin/bash -c \"echo 544775090288.dkr.ecr.us-east-1.amazonaws.com/nodejs-web-app-2026 \u003e /var/lib/jenkins/opt/repository_url\"\nsudo /bin/bash -c \"echo 544775090288.dkr.ecr.us-east-1.amazonaws.com/nodejs-web-app-test-2026 \u003e /var/lib/jenkins/opt/repository_test_url\"\nsudo /bin/bash -c \"echo 544775090288.dkr.ecr.us-east-1.amazonaws.com/nodejs-web-app-staging-2026 \u003e /var/lib/jenkins/opt/repository_staging_url\"\nsudo /bin/bash -c \"echo i-067a79f6027ba5f5b \u003e /var/lib/jenkins/opt/instance_id\"\nsudo /bin/bash -c \"echo ayam-nodejs-web-app-logs-2026 \u003e /var/lib/jenkins/opt/bucket_name\"\n\n# Change ownership and group of these files\nsudo chown -R jenkins:jenkins /var/lib/jenkins/opt/\n\n# Wait for Jenkins to boot up\nsudo sleep 60\n\n\n#####################################################\n#######            SET UP JENKINS             #######\n#####################################################\n\n#---------------------------------------------#\n#------\u003e DEFINE THE GLOBAL VARIABLES \u003c--------#\n#---------------------------------------------#\n\nexport url=\"http://ec2-100-30-83-17.compute-1.amazonaws.com:8080\"\nexport user=\"rapidcode\"\nexport password=\"rapidcode\"\nexport admin_fullname=\"rapidcode\"\nexport admin_email=\"tech@rapidcode.co.in\"\nexport remote=\"git@github.com:ayamkumarrc-png/nodejs-web-app.git\"\nexport jobName=\"CI-CD Pipeline\"\nexport jobID=\"akHXEWnZq1NDH_eyI4Myjw\"\n\n#---------------------------------------------#\n#-----\u003e COPY THE CONFIG FILES FROM S3 \u003c-------#\n#---------------------------------------------#\n\nsudo aws s3 cp s3://ayam-jenkins-config-2026/ ./ --recursive\nsudo chmod +x *.sh\n\n#---------------------------------------------#\n#----------\u003e RUN THE CONFIG FILES  \u003c----------#\n#---------------------------------------------#\n\n./create_admin_user.sh\n./download_install_plugins.sh\nsudo sleep 120\n./confirm_url.sh\n./create_credentials.sh\n\n# Output the credentials id in a credentials_id file\npython -c \"import sys;import json;print(json.loads(raw_input())['credentials'][0]['id'])\" \u003c\u003c\u003c $(./get_credentials_id.sh) \u003e credentials_id\n\n./create_multibranch_pipeline.sh\n\n#---------------------------------------------#\n#---------\u003e DELETE THE CONFIG FILES \u003c---------#\n#---------------------------------------------#\n\nsudo rm *.sh credentials_id\n\nreboot\n",
            "user_data_base64": null,
            "user_data_replace_on_change": false,
            "volume_tags": null,
            "vpc_security_group_ids": [
              "sg-016ed453a057b7fef",
              "sg-071f81e51940ae0e5",
              "sg-083a09685898a71f7",
              "sg-09fb878c023dd521b"
            ]
          },
          "sensitive_attributes": [],
          "identity_schema_version": 0,
          "identity": {
            "account_id": "544775090288",
            "id": "i-0b58d2a0f9d67bbe4",
            "region": "us-east-1"
          },
          "private": "eyJlMmJmYjczMC1lY2FhLTExZTYtOGY4OC0zNDM2M2JjN2M0YzAiOnsiY3JlYXRlIjo2MDAwMDAwMDAwMDAsImRlbGV0ZSI6MTIwMDAwMDAwMDAwMCwicmVhZCI6OTAwMDAwMDAwMDAwLCJ1cGRhdGUiOjYwMDAwMDAwMDAwMH0sInNjaGVtYV92ZXJzaW9uIjoiMiJ9",
          "dependencies": [
            "aws_ecr_repository.nodejs-web-app",
            "aws_ecr_repository.nodejs-web-app-staging",
            "aws_ecr_repository.nodejs-web-app-test",
            "aws_eip.jenkins",
            "aws_iam_instance_profile.jenkins",
            "aws_iam_instance_profile.nodejs-web-app",
            "aws_iam_policy.ec2-access",
            "aws_iam_policy.ecr-access",
            "aws_iam_policy.s3-access",
            "aws_iam_policy.secrets-access",
            "aws_iam_role.jenkins",
            "aws_iam_role.nodejs-web-app",
            "aws_internet_gateway.nodejs-web-app",
            "aws_key_pair.jenkins-key",
            "aws_key_pair.nodejs-web-app-key",
            "aws_network_interface.jenkins",
            "aws_network_interface.nodejs-web-app",
            "aws_s3_bucket.jenkins-config",
            "aws_s3_bucket.nodejs-web-app-logs",
            "aws_security_group.allow-all-outbound",
            "aws_security_group.allow-jenkins-traffic",
            "aws_security_group.allow-ssh-traffic",
            "aws_security_group.allow-staging-traffic",
            "aws_security_group.allow-web-traffic",
            "aws_subnet.subnet-public-jenkins",
            "aws_subnet.subnet-public-web-app",
            "aws_vpc.nodejs-web-app",
            "module.application-server.aws_instance.default",
            "random_id.job-id"
          ]
        }
      ]
    }
  ],
  "check_results": null
}
